
Microsoft Visual Studio Solution File, Format Version 12.00
# Visual Studio Version 17
VisualStudioVersion = 17.7.34221.43
MinimumVisualStudioVersion = 10.0.40219.1
Project("{8BC9CEB8-8B4A-11D0-8D11-00A0C91BC942}") = "Classwork", "Classwork\Classwork.vcxproj", "{A21735A8-191B-4A93-B082-38A0EDB5ED03}"
EndProject
Project("{8BC9CEB8-8B4A-11D0-8D11-00A0C91BC942}") = "shop_30_10_24", "shop_30_10_24\shop_30_10_24.vcxproj", "{2AC9D0DB-D22D-4498-B4EF-7E5190406CAD}"
EndProject
Project("{8BC9CEB8-8B4A-11D0-8D11-00A0C91BC942}") = "02_10_24", "02_10_24\02_10_24.vcxproj", "{5D017702-9B6A-43E4-A327-CAE082616001}"
EndProject
Project("{8BC9CEB8-8B4A-11D0-8D11-00A0C91BC942}") = "21_11_24_fstream", "21_11_24_fstream\21_11_24_fstream.vcxproj", "{795832E6-3736-4463-86D6-97909B1DCE36}"
EndProject
Project("{8BC9CEB8-8B4A-11D0-8D11-00A0C91BC942}") = "2_10_24", "2_10_24\2_10_24.vcxproj", "{D35AD048-865B-42B2-B9C4-2EB219A02864}"
EndProject
Project("{8BC9CEB8-8B4A-11D0-8D11-00A0C91BC942}") = "4_10_24", "4_10_24\4_10_24.vcxproj", "{30A28A07-D04A-45BC-876A-5AA25A851390}"
EndProject
Project("{8BC9CEB8-8B4A-11D0-8D11-00A0C91BC942}") = "18_12_24", "18_12_24\18_12_24.vcxproj", "{8D97C4B6-EAD6-45B0-A2B4-DD8A55112684}"
EndProject
Global
	GlobalSection(SolutionConfigurationPlatforms) = preSolution
		Debug|x64 = Debug|x64
		Debug|x86 = Debug|x86
		Release|x64 = Release|x64
		Release|x86 = Release|x86
	EndGlobalSection
	GlobalSection(ProjectConfigurationPlatforms) = postSolution
		{A21735A8-191B-4A93-B082-38A0EDB5ED03}.Debug|x64.ActiveCfg = Debug|x64
		{A21735A8-191B-4A93-B082-38A0EDB5ED03}.Debug|x64.Build.0 = Debug|x64
		{A21735A8-191B-4A93-B082-38A0EDB5ED03}.Debug|x86.ActiveCfg = Debug|Win32
		{A21735A8-191B-4A93-B082-38A0EDB5ED03}.Debug|x86.Build.0 = Debug|Win32
		{A21735A8-191B-4A93-B082-38A0EDB5ED03}.Release|x64.ActiveCfg = Release|x64
		{A21735A8-191B-4A93-B082-38A0EDB5ED03}.Release|x64.Build.0 = Release|x64
		{A21735A8-191B-4A93-B082-38A0EDB5ED03}.Release|x86.ActiveCfg = Release|Win32
		{A21735A8-191B-4A93-B082-38A0EDB5ED03}.Release|x86.Build.0 = Release|Win32
		{2AC9D0DB-D22D-4498-B4EF-7E5190406CAD}.Debug|x64.ActiveCfg = Debug|x64
		{2AC9D0DB-D22D-4498-B4EF-7E5190406CAD}.Debug|x64.Build.0 = Debug|x64
		{2AC9D0DB-D22D-4498-B4EF-7E5190406CAD}.Debug|x86.ActiveCfg = Debug|Win32
		{2AC9D0DB-D22D-4498-B4EF-7E5190406CAD}.Debug|x86.Build.0 = Debug|Win32
		{2AC9D0DB-D22D-4498-B4EF-7E5190406CAD}.Release|x64.ActiveCfg = Release|x64
		{2AC9D0DB-D22D-4498-B4EF-7E5190406CAD}.Release|x64.Build.0 = Release|x64
		{2AC9D0DB-D22D-4498-B4EF-7E5190406CAD}.Release|x86.ActiveCfg = Release|Win32
		{2AC9D0DB-D22D-4498-B4EF-7E5190406CAD}.Release|x86.Build.0 = Release|Win32
		{5D017702-9B6A-43E4-A327-CAE082616001}.Debug|x64.ActiveCfg = Debug|x64
		{5D017702-9B6A-43E4-A327-CAE082616001}.Debug|x64.Build.0 = Debug|x64
		{5D017702-9B6A-43E4-A327-CAE082616001}.Debug|x86.ActiveCfg = Debug|Win32
		{5D017702-9B6A-43E4-A327-CAE082616001}.Debug|x86.Build.0 = Debug|Win32
		{5D017702-9B6A-43E4-A327-CAE082616001}.Release|x64.ActiveCfg = Release|x64
		{5D017702-9B6A-43E4-A327-CAE082616001}.Release|x64.Build.0 = Release|x64
		{5D017702-9B6A-43E4-A327-CAE082616001}.Release|x86.ActiveCfg = Release|Win32
		{5D017702-9B6A-43E4-A327-CAE082616001}.Release|x86.Build.0 = Release|Win32
		{795832E6-3736-4463-86D6-97909B1DCE36}.Debug|x64.ActiveCfg = Debug|x64
		{795832E6-3736-4463-86D6-97909B1DCE36}.Debug|x64.Build.0 = Debug|x64
		{795832E6-3736-4463-86D6-97909B1DCE36}.Debug|x86.ActiveCfg = Debug|Win32
		{795832E6-3736-4463-86D6-97909B1DCE36}.Debug|x86.Build.0 = Debug|Win32
		{795832E6-3736-4463-86D6-97909B1DCE36}.Release|x64.ActiveCfg = Release|x64
		{795832E6-3736-4463-86D6-97909B1DCE36}.Release|x64.Build.0 = Release|x64
		{795832E6-3736-4463-86D6-97909B1DCE36}.Release|x86.ActiveCfg = Release|Win32
		{795832E6-3736-4463-86D6-97909B1DCE36}.Release|x86.Build.0 = Release|Win32
		{D35AD048-865B-42B2-B9C4-2EB219A02864}.Debug|x64.ActiveCfg = Debug|x64
		{D35AD048-865B-42B2-B9C4-2EB219A02864}.Debug|x64.Build.0 = Debug|x64
		{D35AD048-865B-42B2-B9C4-2EB219A02864}.Debug|x86.ActiveCfg = Debug|Win32
		{D35AD048-865B-42B2-B9C4-2EB219A02864}.Debug|x86.Build.0 = Debug|Win32
		{D35AD048-865B-42B2-B9C4-2EB219A02864}.Release|x64.ActiveCfg = Release|x64
		{D35AD048-865B-42B2-B9C4-2EB219A02864}.Release|x64.Build.0 = Release|x64
		{D35AD048-865B-42B2-B9C4-2EB219A02864}.Release|x86.ActiveCfg = Release|Win32
		{D35AD048-865B-42B2-B9C4-2EB219A02864}.Release|x86.Build.0 = Release|Win32
		{30A28A07-D04A-45BC-876A-5AA25A851390}.Debug|x64.ActiveCfg = Debug|x64
		{30A28A07-D04A-45BC-876A-5AA25A851390}.Debug|x64.Build.0 = Debug|x64
		{30A28A07-D04A-45BC-876A-5AA25A851390}.Debug|x86.ActiveCfg = Debug|Win32
		{30A28A07-D04A-45BC-876A-5AA25A851390}.Debug|x86.Build.0 = Debug|Win32
		{30A28A07-D04A-45BC-876A-5AA25A851390}.Release|x64.ActiveCfg = Release|x64
		{30A28A07-D04A-45BC-876A-5AA25A851390}.Release|x64.Build.0 = Release|x64
		{30A28A07-D04A-45BC-876A-5AA25A851390}.Release|x86.ActiveCfg = Release|Win32
		{30A28A07-D04A-45BC-876A-5AA25A851390}.Release|x86.Build.0 = Release|Win32
		{8D97C4B6-EAD6-45B0-A2B4-DD8A55112684}.Debug|x64.ActiveCfg = Debug|x64
		{8D97C4B6-EAD6-45B0-A2B4-DD8A55112684}.Debug|x64.Build.0 = Debug|x64
		{8D97C4B6-EAD6-45B0-A2B4-DD8A55112684}.Debug|x86.ActiveCfg = Debug|Win32
		{8D97C4B6-EAD6-45B0-A2B4-DD8A55112684}.Debug|x86.Build.0 = Debug|Win32
		{8D97C4B6-EAD6-45B0-A2B4-DD8A55112684}.Release|x64.ActiveCfg = Release|x64
		{8D97C4B6-EAD6-45B0-A2B4-DD8A55112684}.Release|x64.Build.0 = Release|x64
		{8D97C4B6-EAD6-45B0-A2B4-DD8A55112684}.Release|x86.ActiveCfg = Release|Win32
		{8D97C4B6-EAD6-45B0-A2B4-DD8A55112684}.Release|x86.Build.0 = Release|Win32
	EndGlobalSection
	GlobalSection(SolutionProperties) = preSolution
		HideSolutionNode = FALSE
	EndGlobalSection
	GlobalSection(ExtensibilityGlobals) = postSolution
		SolutionGuid = {9696216D-93D1-4978-86D1-20BC65B36C44}
	EndGlobalSection
EndGlobal
