
Microsoft Visual Studio Solution File, Format Version 12.00
# Visual Studio Version 17
VisualStudioVersion = 17.7.34221.43
MinimumVisualStudioVersion = 10.0.40219.1
Project("{8BC9CEB8-8B4A-11D0-8D11-00A0C91BC942}") = "shop_30_10_24", "shop_30_10_24\shop_30_10_24.vcxproj", "{2AC9D0DB-D22D-4498-B4EF-7E5190406CAD}"
EndProject
Project("{8BC9CEB8-8B4A-11D0-8D11-00A0C91BC942}") = "21_11_24_fstream", "21_11_24_fstream\21_11_24_fstream.vcxproj", "{795832E6-3736-4463-86D6-97909B1DCE36}"
EndProject
Project("{8BC9CEB8-8B4A-11D0-8D11-00A0C91BC942}") = "2_10_24", "2_10_24\2_10_24.vcxproj", "{D35AD048-865B-42B2-B9C4-2EB219A02864}"
EndProject
Project("{8BC9CEB8-8B4A-11D0-8D11-00A0C91BC942}") = "4_10_24", "4_10_24\4_10_24.vcxproj", "{30A28A07-D04A-45BC-876A-5AA25A851390}"
EndProject
Project("{8BC9CEB8-8B4A-11D0-8D11-00A0C91BC942}") = "18_12_24", "18_12_24\18_12_24.vcxproj", "{8D97C4B6-EAD6-45B0-A2B4-DD8A55112684}"
EndProject
Project("{8BC9CEB8-8B4A-11D0-8D11-00A0C91BC942}") = "homework7", "homework7\homework7.vcxproj", "{FA7B4A4A-2DBF-4A28-8FFD-D662030CD859}"
EndProject
Project("{8BC9CEB8-8B4A-11D0-8D11-00A0C91BC942}") = "homework9", "homework9\homework9.vcxproj", "{E73EDFC7-73F8-4172-B221-2FB2C99F87F0}"
EndProject
Project("{8BC9CEB8-8B4A-11D0-8D11-00A0C91BC942}") = "Homework11", "Homework11\Homework11.vcxproj", "{8997604D-A0F6-46E0-8268-DB246B6C39E3}"
EndProject
Project("{8BC9CEB8-8B4A-11D0-8D11-00A0C91BC942}") = "MathInt", "MathInt\MathInt.vcxproj", "{F72396FF-F327-4DA4-A5CF-75E4B690D258}"
EndProject
Project("{8BC9CEB8-8B4A-11D0-8D11-00A0C91BC942}") = "UnitTests", "UnitTests\UnitTests.vcxproj", "{F76C73B9-1BB2-4B6E-B33B-6C445C1A9E9B}"
EndProject
Project("{8BC9CEB8-8B4A-11D0-8D11-00A0C91BC942}") = "10_02_string", "10_02_string\10_02_string.vcxproj", "{12525B0E-AFD2-430C-9596-2511A3B3AAEA}"
EndProject
Project("{9A19103F-16F7-4668-BE54-9A1E7A4F7556}") = "20_02_cs", "20_02_cs\20_02_cs.csproj", "{CA5534C4-ACA6-4412-8BC4-A6B864BC0692}"
EndProject
Project("{9A19103F-16F7-4668-BE54-9A1E7A4F7556}") = "27_02", "27_02\27_02.csproj", "{1F4B11EF-2423-46DB-BD62-25CC9F79A545}"
EndProject
Project("{8BC9CEB8-8B4A-11D0-8D11-00A0C91BC942}") = "03_03", "03_03\03_03.vcxproj", "{634D9D55-5BFF-4829-AC68-E80C9ED707DC}"
EndProject
Project("{8BC9CEB8-8B4A-11D0-8D11-00A0C91BC942}") = "10_03", "10_03\10_03.vcxproj", "{9A396D1A-C4CD-4962-875B-23D3731DADC8}"
EndProject
Project("{9A19103F-16F7-4668-BE54-9A1E7A4F7556}") = "13_03", "13_03\13_03.csproj", "{175C187E-AA96-4E85-9998-5401C56E68FF}"
EndProject
Project("{8BC9CEB8-8B4A-11D0-8D11-00A0C91BC942}") = "17_03", "17_03\17_03.vcxproj", "{50A30BC0-B928-4B28-85BE-CD06FD4C1066}"
EndProject
Project("{9A19103F-16F7-4668-BE54-9A1E7A4F7556}") = "20_03_cs", "20_03_cs\20_03_cs.csproj", "{E84600C7-D0E8-45BC-A0A8-2B379FE004FD}"
EndProject
Project("{9A19103F-16F7-4668-BE54-9A1E7A4F7556}") = "26_03_cs_homework", "26_03_cs_homework\26_03_cs_homework.csproj", "{5675A806-63F9-4F8A-A3FC-D8138CE5FF91}"
EndProject
Project("{8BC9CEB8-8B4A-11D0-8D11-00A0C91BC942}") = "28_03", "28_03\28_03.vcxproj", "{08C589D0-BC21-4FB7-984E-C81D00BC5819}"
EndProject
Project("{8BC9CEB8-8B4A-11D0-8D11-00A0C91BC942}") = "31_03", "31_03\31_03.vcxproj", "{628EE207-0874-4BD1-B6AE-2D0DC2073063}"
EndProject
Project("{FAE04EC0-301F-11D3-BF4B-00C04F79EFBC}") = "10_04_cs", "10_04_cs\10_04_cs.csproj", "{9C2038B3-F58F-475E-B2E4-3C377DF4F9E8}"
EndProject
Project("{8BC9CEB8-8B4A-11D0-8D11-00A0C91BC942}") = "23_09 LinkedItem", "23_09 LinkedItem\23_09 LinkedItem.vcxproj", "{B86383F0-F3D0-4F8F-9EDB-2950FFAEBAAB}"
EndProject
Global
	GlobalSection(SolutionConfigurationPlatforms) = preSolution
		Debug|Any CPU = Debug|Any CPU
		Debug|x64 = Debug|x64
		Debug|x86 = Debug|x86
		Release|Any CPU = Release|Any CPU
		Release|x64 = Release|x64
		Release|x86 = Release|x86
	EndGlobalSection
	GlobalSection(ProjectConfigurationPlatforms) = postSolution
		{2AC9D0DB-D22D-4498-B4EF-7E5190406CAD}.Debug|Any CPU.ActiveCfg = Debug|x64
		{2AC9D0DB-D22D-4498-B4EF-7E5190406CAD}.Debug|Any CPU.Build.0 = Debug|x64
		{2AC9D0DB-D22D-4498-B4EF-7E5190406CAD}.Debug|x64.ActiveCfg = Debug|x64
		{2AC9D0DB-D22D-4498-B4EF-7E5190406CAD}.Debug|x64.Build.0 = Debug|x64
		{2AC9D0DB-D22D-4498-B4EF-7E5190406CAD}.Debug|x86.ActiveCfg = Debug|Win32
		{2AC9D0DB-D22D-4498-B4EF-7E5190406CAD}.Debug|x86.Build.0 = Debug|Win32
		{2AC9D0DB-D22D-4498-B4EF-7E5190406CAD}.Release|Any CPU.ActiveCfg = Release|x64
		{2AC9D0DB-D22D-4498-B4EF-7E5190406CAD}.Release|Any CPU.Build.0 = Release|x64
		{2AC9D0DB-D22D-4498-B4EF-7E5190406CAD}.Release|x64.ActiveCfg = Release|x64
		{2AC9D0DB-D22D-4498-B4EF-7E5190406CAD}.Release|x64.Build.0 = Release|x64
		{2AC9D0DB-D22D-4498-B4EF-7E5190406CAD}.Release|x86.ActiveCfg = Release|Win32
		{2AC9D0DB-D22D-4498-B4EF-7E5190406CAD}.Release|x86.Build.0 = Release|Win32
		{795832E6-3736-4463-86D6-97909B1DCE36}.Debug|Any CPU.ActiveCfg = Debug|x64
		{795832E6-3736-4463-86D6-97909B1DCE36}.Debug|Any CPU.Build.0 = Debug|x64
		{795832E6-3736-4463-86D6-97909B1DCE36}.Debug|x64.ActiveCfg = Debug|x64
		{795832E6-3736-4463-86D6-97909B1DCE36}.Debug|x64.Build.0 = Debug|x64
		{795832E6-3736-4463-86D6-97909B1DCE36}.Debug|x86.ActiveCfg = Debug|Win32
		{795832E6-3736-4463-86D6-97909B1DCE36}.Debug|x86.Build.0 = Debug|Win32
		{795832E6-3736-4463-86D6-97909B1DCE36}.Release|Any CPU.ActiveCfg = Release|x64
		{795832E6-3736-4463-86D6-97909B1DCE36}.Release|Any CPU.Build.0 = Release|x64
		{795832E6-3736-4463-86D6-97909B1DCE36}.Release|x64.ActiveCfg = Release|x64
		{795832E6-3736-4463-86D6-97909B1DCE36}.Release|x64.Build.0 = Release|x64
		{795832E6-3736-4463-86D6-97909B1DCE36}.Release|x86.ActiveCfg = Release|Win32
		{795832E6-3736-4463-86D6-97909B1DCE36}.Release|x86.Build.0 = Release|Win32
		{D35AD048-865B-42B2-B9C4-2EB219A02864}.Debug|Any CPU.ActiveCfg = Debug|x64
		{D35AD048-865B-42B2-B9C4-2EB219A02864}.Debug|Any CPU.Build.0 = Debug|x64
		{D35AD048-865B-42B2-B9C4-2EB219A02864}.Debug|x64.ActiveCfg = Debug|x64
		{D35AD048-865B-42B2-B9C4-2EB219A02864}.Debug|x64.Build.0 = Debug|x64
		{D35AD048-865B-42B2-B9C4-2EB219A02864}.Debug|x86.ActiveCfg = Debug|Win32
		{D35AD048-865B-42B2-B9C4-2EB219A02864}.Debug|x86.Build.0 = Debug|Win32
		{D35AD048-865B-42B2-B9C4-2EB219A02864}.Release|Any CPU.ActiveCfg = Release|x64
		{D35AD048-865B-42B2-B9C4-2EB219A02864}.Release|Any CPU.Build.0 = Release|x64
		{D35AD048-865B-42B2-B9C4-2EB219A02864}.Release|x64.ActiveCfg = Release|x64
		{D35AD048-865B-42B2-B9C4-2EB219A02864}.Release|x64.Build.0 = Release|x64
		{D35AD048-865B-42B2-B9C4-2EB219A02864}.Release|x86.ActiveCfg = Release|Win32
		{D35AD048-865B-42B2-B9C4-2EB219A02864}.Release|x86.Build.0 = Release|Win32
		{30A28A07-D04A-45BC-876A-5AA25A851390}.Debug|Any CPU.ActiveCfg = Debug|x64
		{30A28A07-D04A-45BC-876A-5AA25A851390}.Debug|Any CPU.Build.0 = Debug|x64
		{30A28A07-D04A-45BC-876A-5AA25A851390}.Debug|x64.ActiveCfg = Debug|x64
		{30A28A07-D04A-45BC-876A-5AA25A851390}.Debug|x64.Build.0 = Debug|x64
		{30A28A07-D04A-45BC-876A-5AA25A851390}.Debug|x86.ActiveCfg = Debug|Win32
		{30A28A07-D04A-45BC-876A-5AA25A851390}.Debug|x86.Build.0 = Debug|Win32
		{30A28A07-D04A-45BC-876A-5AA25A851390}.Release|Any CPU.ActiveCfg = Release|x64
		{30A28A07-D04A-45BC-876A-5AA25A851390}.Release|Any CPU.Build.0 = Release|x64
		{30A28A07-D04A-45BC-876A-5AA25A851390}.Release|x64.ActiveCfg = Release|x64
		{30A28A07-D04A-45BC-876A-5AA25A851390}.Release|x64.Build.0 = Release|x64
		{30A28A07-D04A-45BC-876A-5AA25A851390}.Release|x86.ActiveCfg = Release|Win32
		{30A28A07-D04A-45BC-876A-5AA25A851390}.Release|x86.Build.0 = Release|Win32
		{8D97C4B6-EAD6-45B0-A2B4-DD8A55112684}.Debug|Any CPU.ActiveCfg = Debug|x64
		{8D97C4B6-EAD6-45B0-A2B4-DD8A55112684}.Debug|Any CPU.Build.0 = Debug|x64
		{8D97C4B6-EAD6-45B0-A2B4-DD8A55112684}.Debug|x64.ActiveCfg = Debug|x64
		{8D97C4B6-EAD6-45B0-A2B4-DD8A55112684}.Debug|x64.Build.0 = Debug|x64
		{8D97C4B6-EAD6-45B0-A2B4-DD8A55112684}.Debug|x86.ActiveCfg = Debug|Win32
		{8D97C4B6-EAD6-45B0-A2B4-DD8A55112684}.Debug|x86.Build.0 = Debug|Win32
		{8D97C4B6-EAD6-45B0-A2B4-DD8A55112684}.Release|Any CPU.ActiveCfg = Release|x64
		{8D97C4B6-EAD6-45B0-A2B4-DD8A55112684}.Release|Any CPU.Build.0 = Release|x64
		{8D97C4B6-EAD6-45B0-A2B4-DD8A55112684}.Release|x64.ActiveCfg = Release|x64
		{8D97C4B6-EAD6-45B0-A2B4-DD8A55112684}.Release|x64.Build.0 = Release|x64
		{8D97C4B6-EAD6-45B0-A2B4-DD8A55112684}.Release|x86.ActiveCfg = Release|Win32
		{8D97C4B6-EAD6-45B0-A2B4-DD8A55112684}.Release|x86.Build.0 = Release|Win32
		{FA7B4A4A-2DBF-4A28-8FFD-D662030CD859}.Debug|Any CPU.ActiveCfg = Debug|x64
		{FA7B4A4A-2DBF-4A28-8FFD-D662030CD859}.Debug|Any CPU.Build.0 = Debug|x64
		{FA7B4A4A-2DBF-4A28-8FFD-D662030CD859}.Debug|x64.ActiveCfg = Debug|x64
		{FA7B4A4A-2DBF-4A28-8FFD-D662030CD859}.Debug|x64.Build.0 = Debug|x64
		{FA7B4A4A-2DBF-4A28-8FFD-D662030CD859}.Debug|x86.ActiveCfg = Debug|Win32
		{FA7B4A4A-2DBF-4A28-8FFD-D662030CD859}.Debug|x86.Build.0 = Debug|Win32
		{FA7B4A4A-2DBF-4A28-8FFD-D662030CD859}.Release|Any CPU.ActiveCfg = Release|x64
		{FA7B4A4A-2DBF-4A28-8FFD-D662030CD859}.Release|Any CPU.Build.0 = Release|x64
		{FA7B4A4A-2DBF-4A28-8FFD-D662030CD859}.Release|x64.ActiveCfg = Release|x64
		{FA7B4A4A-2DBF-4A28-8FFD-D662030CD859}.Release|x64.Build.0 = Release|x64
		{FA7B4A4A-2DBF-4A28-8FFD-D662030CD859}.Release|x86.ActiveCfg = Release|Win32
		{FA7B4A4A-2DBF-4A28-8FFD-D662030CD859}.Release|x86.Build.0 = Release|Win32
		{E73EDFC7-73F8-4172-B221-2FB2C99F87F0}.Debug|Any CPU.ActiveCfg = Debug|x64
		{E73EDFC7-73F8-4172-B221-2FB2C99F87F0}.Debug|Any CPU.Build.0 = Debug|x64
		{E73EDFC7-73F8-4172-B221-2FB2C99F87F0}.Debug|x64.ActiveCfg = Debug|x64
		{E73EDFC7-73F8-4172-B221-2FB2C99F87F0}.Debug|x64.Build.0 = Debug|x64
		{E73EDFC7-73F8-4172-B221-2FB2C99F87F0}.Debug|x86.ActiveCfg = Debug|Win32
		{E73EDFC7-73F8-4172-B221-2FB2C99F87F0}.Debug|x86.Build.0 = Debug|Win32
		{E73EDFC7-73F8-4172-B221-2FB2C99F87F0}.Release|Any CPU.ActiveCfg = Release|x64
		{E73EDFC7-73F8-4172-B221-2FB2C99F87F0}.Release|Any CPU.Build.0 = Release|x64
		{E73EDFC7-73F8-4172-B221-2FB2C99F87F0}.Release|x64.ActiveCfg = Release|x64
		{E73EDFC7-73F8-4172-B221-2FB2C99F87F0}.Release|x64.Build.0 = Release|x64
		{E73EDFC7-73F8-4172-B221-2FB2C99F87F0}.Release|x86.ActiveCfg = Release|Win32
		{E73EDFC7-73F8-4172-B221-2FB2C99F87F0}.Release|x86.Build.0 = Release|Win32
		{8997604D-A0F6-46E0-8268-DB246B6C39E3}.Debug|Any CPU.ActiveCfg = Debug|x64
		{8997604D-A0F6-46E0-8268-DB246B6C39E3}.Debug|Any CPU.Build.0 = Debug|x64
		{8997604D-A0F6-46E0-8268-DB246B6C39E3}.Debug|x64.ActiveCfg = Debug|x64
		{8997604D-A0F6-46E0-8268-DB246B6C39E3}.Debug|x64.Build.0 = Debug|x64
		{8997604D-A0F6-46E0-8268-DB246B6C39E3}.Debug|x86.ActiveCfg = Debug|Win32
		{8997604D-A0F6-46E0-8268-DB246B6C39E3}.Debug|x86.Build.0 = Debug|Win32
		{8997604D-A0F6-46E0-8268-DB246B6C39E3}.Release|Any CPU.ActiveCfg = Release|x64
		{8997604D-A0F6-46E0-8268-DB246B6C39E3}.Release|Any CPU.Build.0 = Release|x64
		{8997604D-A0F6-46E0-8268-DB246B6C39E3}.Release|x64.ActiveCfg = Release|x64
		{8997604D-A0F6-46E0-8268-DB246B6C39E3}.Release|x64.Build.0 = Release|x64
		{8997604D-A0F6-46E0-8268-DB246B6C39E3}.Release|x86.ActiveCfg = Release|Win32
		{8997604D-A0F6-46E0-8268-DB246B6C39E3}.Release|x86.Build.0 = Release|Win32
		{F72396FF-F327-4DA4-A5CF-75E4B690D258}.Debug|Any CPU.ActiveCfg = Debug|x64
		{F72396FF-F327-4DA4-A5CF-75E4B690D258}.Debug|Any CPU.Build.0 = Debug|x64
		{F72396FF-F327-4DA4-A5CF-75E4B690D258}.Debug|x64.ActiveCfg = Debug|x64
		{F72396FF-F327-4DA4-A5CF-75E4B690D258}.Debug|x64.Build.0 = Debug|x64
		{F72396FF-F327-4DA4-A5CF-75E4B690D258}.Debug|x86.ActiveCfg = Debug|Win32
		{F72396FF-F327-4DA4-A5CF-75E4B690D258}.Debug|x86.Build.0 = Debug|Win32
		{F72396FF-F327-4DA4-A5CF-75E4B690D258}.Release|Any CPU.ActiveCfg = Release|x64
		{F72396FF-F327-4DA4-A5CF-75E4B690D258}.Release|Any CPU.Build.0 = Release|x64
		{F72396FF-F327-4DA4-A5CF-75E4B690D258}.Release|x64.ActiveCfg = Release|x64
		{F72396FF-F327-4DA4-A5CF-75E4B690D258}.Release|x64.Build.0 = Release|x64
		{F72396FF-F327-4DA4-A5CF-75E4B690D258}.Release|x86.ActiveCfg = Release|Win32
		{F72396FF-F327-4DA4-A5CF-75E4B690D258}.Release|x86.Build.0 = Release|Win32
		{F76C73B9-1BB2-4B6E-B33B-6C445C1A9E9B}.Debug|Any CPU.ActiveCfg = Debug|x64
		{F76C73B9-1BB2-4B6E-B33B-6C445C1A9E9B}.Debug|Any CPU.Build.0 = Debug|x64
		{F76C73B9-1BB2-4B6E-B33B-6C445C1A9E9B}.Debug|x64.ActiveCfg = Debug|x64
		{F76C73B9-1BB2-4B6E-B33B-6C445C1A9E9B}.Debug|x64.Build.0 = Debug|x64
		{F76C73B9-1BB2-4B6E-B33B-6C445C1A9E9B}.Debug|x86.ActiveCfg = Debug|Win32
		{F76C73B9-1BB2-4B6E-B33B-6C445C1A9E9B}.Debug|x86.Build.0 = Debug|Win32
		{F76C73B9-1BB2-4B6E-B33B-6C445C1A9E9B}.Release|Any CPU.ActiveCfg = Release|x64
		{F76C73B9-1BB2-4B6E-B33B-6C445C1A9E9B}.Release|Any CPU.Build.0 = Release|x64
		{F76C73B9-1BB2-4B6E-B33B-6C445C1A9E9B}.Release|x64.ActiveCfg = Release|x64
		{F76C73B9-1BB2-4B6E-B33B-6C445C1A9E9B}.Release|x64.Build.0 = Release|x64
		{F76C73B9-1BB2-4B6E-B33B-6C445C1A9E9B}.Release|x86.ActiveCfg = Release|Win32
		{F76C73B9-1BB2-4B6E-B33B-6C445C1A9E9B}.Release|x86.Build.0 = Release|Win32
		{12525B0E-AFD2-430C-9596-2511A3B3AAEA}.Debug|Any CPU.ActiveCfg = Debug|x64
		{12525B0E-AFD2-430C-9596-2511A3B3AAEA}.Debug|Any CPU.Build.0 = Debug|x64
		{12525B0E-AFD2-430C-9596-2511A3B3AAEA}.Debug|x64.ActiveCfg = Debug|x64
		{12525B0E-AFD2-430C-9596-2511A3B3AAEA}.Debug|x64.Build.0 = Debug|x64
		{12525B0E-AFD2-430C-9596-2511A3B3AAEA}.Debug|x86.ActiveCfg = Debug|Win32
		{12525B0E-AFD2-430C-9596-2511A3B3AAEA}.Debug|x86.Build.0 = Debug|Win32
		{12525B0E-AFD2-430C-9596-2511A3B3AAEA}.Release|Any CPU.ActiveCfg = Release|x64
		{12525B0E-AFD2-430C-9596-2511A3B3AAEA}.Release|Any CPU.Build.0 = Release|x64
		{12525B0E-AFD2-430C-9596-2511A3B3AAEA}.Release|x64.ActiveCfg = Release|x64
		{12525B0E-AFD2-430C-9596-2511A3B3AAEA}.Release|x64.Build.0 = Release|x64
		{12525B0E-AFD2-430C-9596-2511A3B3AAEA}.Release|x86.ActiveCfg = Release|Win32
		{12525B0E-AFD2-430C-9596-2511A3B3AAEA}.Release|x86.Build.0 = Release|Win32
		{CA5534C4-ACA6-4412-8BC4-A6B864BC0692}.Debug|Any CPU.ActiveCfg = Debug|Any CPU
		{CA5534C4-ACA6-4412-8BC4-A6B864BC0692}.Debug|Any CPU.Build.0 = Debug|Any CPU
		{CA5534C4-ACA6-4412-8BC4-A6B864BC0692}.Debug|x64.ActiveCfg = Debug|Any CPU
		{CA5534C4-ACA6-4412-8BC4-A6B864BC0692}.Debug|x64.Build.0 = Debug|Any CPU
		{CA5534C4-ACA6-4412-8BC4-A6B864BC0692}.Debug|x86.ActiveCfg = Debug|Any CPU
		{CA5534C4-ACA6-4412-8BC4-A6B864BC0692}.Debug|x86.Build.0 = Debug|Any CPU
		{CA5534C4-ACA6-4412-8BC4-A6B864BC0692}.Release|Any CPU.ActiveCfg = Release|Any CPU
		{CA5534C4-ACA6-4412-8BC4-A6B864BC0692}.Release|Any CPU.Build.0 = Release|Any CPU
		{CA5534C4-ACA6-4412-8BC4-A6B864BC0692}.Release|x64.ActiveCfg = Release|Any CPU
		{CA5534C4-ACA6-4412-8BC4-A6B864BC0692}.Release|x64.Build.0 = Release|Any CPU
		{CA5534C4-ACA6-4412-8BC4-A6B864BC0692}.Release|x86.ActiveCfg = Release|Any CPU
		{CA5534C4-ACA6-4412-8BC4-A6B864BC0692}.Release|x86.Build.0 = Release|Any CPU
		{1F4B11EF-2423-46DB-BD62-25CC9F79A545}.Debug|Any CPU.ActiveCfg = Debug|Any CPU
		{1F4B11EF-2423-46DB-BD62-25CC9F79A545}.Debug|Any CPU.Build.0 = Debug|Any CPU
		{1F4B11EF-2423-46DB-BD62-25CC9F79A545}.Debug|x64.ActiveCfg = Debug|Any CPU
		{1F4B11EF-2423-46DB-BD62-25CC9F79A545}.Debug|x64.Build.0 = Debug|Any CPU
		{1F4B11EF-2423-46DB-BD62-25CC9F79A545}.Debug|x86.ActiveCfg = Debug|Any CPU
		{1F4B11EF-2423-46DB-BD62-25CC9F79A545}.Debug|x86.Build.0 = Debug|Any CPU
		{1F4B11EF-2423-46DB-BD62-25CC9F79A545}.Release|Any CPU.ActiveCfg = Release|Any CPU
		{1F4B11EF-2423-46DB-BD62-25CC9F79A545}.Release|Any CPU.Build.0 = Release|Any CPU
		{1F4B11EF-2423-46DB-BD62-25CC9F79A545}.Release|x64.ActiveCfg = Release|Any CPU
		{1F4B11EF-2423-46DB-BD62-25CC9F79A545}.Release|x64.Build.0 = Release|Any CPU
		{1F4B11EF-2423-46DB-BD62-25CC9F79A545}.Release|x86.ActiveCfg = Release|Any CPU
		{1F4B11EF-2423-46DB-BD62-25CC9F79A545}.Release|x86.Build.0 = Release|Any CPU
		{634D9D55-5BFF-4829-AC68-E80C9ED707DC}.Debug|Any CPU.ActiveCfg = Debug|x64
		{634D9D55-5BFF-4829-AC68-E80C9ED707DC}.Debug|Any CPU.Build.0 = Debug|x64
		{634D9D55-5BFF-4829-AC68-E80C9ED707DC}.Debug|x64.ActiveCfg = Debug|x64
		{634D9D55-5BFF-4829-AC68-E80C9ED707DC}.Debug|x64.Build.0 = Debug|x64
		{634D9D55-5BFF-4829-AC68-E80C9ED707DC}.Debug|x86.ActiveCfg = Debug|Win32
		{634D9D55-5BFF-4829-AC68-E80C9ED707DC}.Debug|x86.Build.0 = Debug|Win32
		{634D9D55-5BFF-4829-AC68-E80C9ED707DC}.Release|Any CPU.ActiveCfg = Release|x64
		{634D9D55-5BFF-4829-AC68-E80C9ED707DC}.Release|Any CPU.Build.0 = Release|x64
		{634D9D55-5BFF-4829-AC68-E80C9ED707DC}.Release|x64.ActiveCfg = Release|x64
		{634D9D55-5BFF-4829-AC68-E80C9ED707DC}.Release|x64.Build.0 = Release|x64
		{634D9D55-5BFF-4829-AC68-E80C9ED707DC}.Release|x86.ActiveCfg = Release|Win32
		{634D9D55-5BFF-4829-AC68-E80C9ED707DC}.Release|x86.Build.0 = Release|Win32
		{9A396D1A-C4CD-4962-875B-23D3731DADC8}.Debug|Any CPU.ActiveCfg = Debug|x64
		{9A396D1A-C4CD-4962-875B-23D3731DADC8}.Debug|Any CPU.Build.0 = Debug|x64
		{9A396D1A-C4CD-4962-875B-23D3731DADC8}.Debug|x64.ActiveCfg = Debug|x64
		{9A396D1A-C4CD-4962-875B-23D3731DADC8}.Debug|x64.Build.0 = Debug|x64
		{9A396D1A-C4CD-4962-875B-23D3731DADC8}.Debug|x86.ActiveCfg = Debug|Win32
		{9A396D1A-C4CD-4962-875B-23D3731DADC8}.Debug|x86.Build.0 = Debug|Win32
		{9A396D1A-C4CD-4962-875B-23D3731DADC8}.Release|Any CPU.ActiveCfg = Release|x64
		{9A396D1A-C4CD-4962-875B-23D3731DADC8}.Release|Any CPU.Build.0 = Release|x64
		{9A396D1A-C4CD-4962-875B-23D3731DADC8}.Release|x64.ActiveCfg = Release|x64
		{9A396D1A-C4CD-4962-875B-23D3731DADC8}.Release|x64.Build.0 = Release|x64
		{9A396D1A-C4CD-4962-875B-23D3731DADC8}.Release|x86.ActiveCfg = Release|Win32
		{9A396D1A-C4CD-4962-875B-23D3731DADC8}.Release|x86.Build.0 = Release|Win32
		{175C187E-AA96-4E85-9998-5401C56E68FF}.Debug|Any CPU.ActiveCfg = Debug|Any CPU
		{175C187E-AA96-4E85-9998-5401C56E68FF}.Debug|Any CPU.Build.0 = Debug|Any CPU
		{175C187E-AA96-4E85-9998-5401C56E68FF}.Debug|x64.ActiveCfg = Debug|Any CPU
		{175C187E-AA96-4E85-9998-5401C56E68FF}.Debug|x64.Build.0 = Debug|Any CPU
		{175C187E-AA96-4E85-9998-5401C56E68FF}.Debug|x86.ActiveCfg = Debug|Any CPU
		{175C187E-AA96-4E85-9998-5401C56E68FF}.Debug|x86.Build.0 = Debug|Any CPU
		{175C187E-AA96-4E85-9998-5401C56E68FF}.Release|Any CPU.ActiveCfg = Release|Any CPU
		{175C187E-AA96-4E85-9998-5401C56E68FF}.Release|Any CPU.Build.0 = Release|Any CPU
		{175C187E-AA96-4E85-9998-5401C56E68FF}.Release|x64.ActiveCfg = Release|Any CPU
		{175C187E-AA96-4E85-9998-5401C56E68FF}.Release|x64.Build.0 = Release|Any CPU
		{175C187E-AA96-4E85-9998-5401C56E68FF}.Release|x86.ActiveCfg = Release|Any CPU
		{175C187E-AA96-4E85-9998-5401C56E68FF}.Release|x86.Build.0 = Release|Any CPU
		{50A30BC0-B928-4B28-85BE-CD06FD4C1066}.Debug|Any CPU.ActiveCfg = Debug|x64
		{50A30BC0-B928-4B28-85BE-CD06FD4C1066}.Debug|Any CPU.Build.0 = Debug|x64
		{50A30BC0-B928-4B28-85BE-CD06FD4C1066}.Debug|x64.ActiveCfg = Debug|x64
		{50A30BC0-B928-4B28-85BE-CD06FD4C1066}.Debug|x64.Build.0 = Debug|x64
		{50A30BC0-B928-4B28-85BE-CD06FD4C1066}.Debug|x86.ActiveCfg = Debug|Win32
		{50A30BC0-B928-4B28-85BE-CD06FD4C1066}.Debug|x86.Build.0 = Debug|Win32
		{50A30BC0-B928-4B28-85BE-CD06FD4C1066}.Release|Any CPU.ActiveCfg = Release|x64
		{50A30BC0-B928-4B28-85BE-CD06FD4C1066}.Release|Any CPU.Build.0 = Release|x64
		{50A30BC0-B928-4B28-85BE-CD06FD4C1066}.Release|x64.ActiveCfg = Release|x64
		{50A30BC0-B928-4B28-85BE-CD06FD4C1066}.Release|x64.Build.0 = Release|x64
		{50A30BC0-B928-4B28-85BE-CD06FD4C1066}.Release|x86.ActiveCfg = Release|Win32
		{50A30BC0-B928-4B28-85BE-CD06FD4C1066}.Release|x86.Build.0 = Release|Win32
		{E84600C7-D0E8-45BC-A0A8-2B379FE004FD}.Debug|Any CPU.ActiveCfg = Debug|Any CPU
		{E84600C7-D0E8-45BC-A0A8-2B379FE004FD}.Debug|Any CPU.Build.0 = Debug|Any CPU
		{E84600C7-D0E8-45BC-A0A8-2B379FE004FD}.Debug|x64.ActiveCfg = Debug|Any CPU
		{E84600C7-D0E8-45BC-A0A8-2B379FE004FD}.Debug|x64.Build.0 = Debug|Any CPU
		{E84600C7-D0E8-45BC-A0A8-2B379FE004FD}.Debug|x86.ActiveCfg = Debug|Any CPU
		{E84600C7-D0E8-45BC-A0A8-2B379FE004FD}.Debug|x86.Build.0 = Debug|Any CPU
		{E84600C7-D0E8-45BC-A0A8-2B379FE004FD}.Release|Any CPU.ActiveCfg = Release|Any CPU
		{E84600C7-D0E8-45BC-A0A8-2B379FE004FD}.Release|Any CPU.Build.0 = Release|Any CPU
		{E84600C7-D0E8-45BC-A0A8-2B379FE004FD}.Release|x64.ActiveCfg = Release|Any CPU
		{E84600C7-D0E8-45BC-A0A8-2B379FE004FD}.Release|x64.Build.0 = Release|Any CPU
		{E84600C7-D0E8-45BC-A0A8-2B379FE004FD}.Release|x86.ActiveCfg = Release|Any CPU
		{E84600C7-D0E8-45BC-A0A8-2B379FE004FD}.Release|x86.Build.0 = Release|Any CPU
		{5675A806-63F9-4F8A-A3FC-D8138CE5FF91}.Debug|Any CPU.ActiveCfg = Debug|Any CPU
		{5675A806-63F9-4F8A-A3FC-D8138CE5FF91}.Debug|Any CPU.Build.0 = Debug|Any CPU
		{5675A806-63F9-4F8A-A3FC-D8138CE5FF91}.Debug|x64.ActiveCfg = Debug|Any CPU
		{5675A806-63F9-4F8A-A3FC-D8138CE5FF91}.Debug|x64.Build.0 = Debug|Any CPU
		{5675A806-63F9-4F8A-A3FC-D8138CE5FF91}.Debug|x86.ActiveCfg = Debug|Any CPU
		{5675A806-63F9-4F8A-A3FC-D8138CE5FF91}.Debug|x86.Build.0 = Debug|Any CPU
		{5675A806-63F9-4F8A-A3FC-D8138CE5FF91}.Release|Any CPU.ActiveCfg = Release|Any CPU
		{5675A806-63F9-4F8A-A3FC-D8138CE5FF91}.Release|Any CPU.Build.0 = Release|Any CPU
		{5675A806-63F9-4F8A-A3FC-D8138CE5FF91}.Release|x64.ActiveCfg = Release|Any CPU
		{5675A806-63F9-4F8A-A3FC-D8138CE5FF91}.Release|x64.Build.0 = Release|Any CPU
		{5675A806-63F9-4F8A-A3FC-D8138CE5FF91}.Release|x86.ActiveCfg = Release|Any CPU
		{5675A806-63F9-4F8A-A3FC-D8138CE5FF91}.Release|x86.Build.0 = Release|Any CPU
		{08C589D0-BC21-4FB7-984E-C81D00BC5819}.Debug|Any CPU.ActiveCfg = Debug|x64
		{08C589D0-BC21-4FB7-984E-C81D00BC5819}.Debug|Any CPU.Build.0 = Debug|x64
		{08C589D0-BC21-4FB7-984E-C81D00BC5819}.Debug|x64.ActiveCfg = Debug|x64
		{08C589D0-BC21-4FB7-984E-C81D00BC5819}.Debug|x64.Build.0 = Debug|x64
		{08C589D0-BC21-4FB7-984E-C81D00BC5819}.Debug|x86.ActiveCfg = Debug|Win32
		{08C589D0-BC21-4FB7-984E-C81D00BC5819}.Debug|x86.Build.0 = Debug|Win32
		{08C589D0-BC21-4FB7-984E-C81D00BC5819}.Release|Any CPU.ActiveCfg = Release|x64
		{08C589D0-BC21-4FB7-984E-C81D00BC5819}.Release|Any CPU.Build.0 = Release|x64
		{08C589D0-BC21-4FB7-984E-C81D00BC5819}.Release|x64.ActiveCfg = Release|x64
		{08C589D0-BC21-4FB7-984E-C81D00BC5819}.Release|x64.Build.0 = Release|x64
		{08C589D0-BC21-4FB7-984E-C81D00BC5819}.Release|x86.ActiveCfg = Release|Win32
		{08C589D0-BC21-4FB7-984E-C81D00BC5819}.Release|x86.Build.0 = Release|Win32
		{628EE207-0874-4BD1-B6AE-2D0DC2073063}.Debug|Any CPU.ActiveCfg = Debug|x64
		{628EE207-0874-4BD1-B6AE-2D0DC2073063}.Debug|Any CPU.Build.0 = Debug|x64
		{628EE207-0874-4BD1-B6AE-2D0DC2073063}.Debug|x64.ActiveCfg = Debug|x64
		{628EE207-0874-4BD1-B6AE-2D0DC2073063}.Debug|x64.Build.0 = Debug|x64
		{628EE207-0874-4BD1-B6AE-2D0DC2073063}.Debug|x86.ActiveCfg = Debug|Win32
		{628EE207-0874-4BD1-B6AE-2D0DC2073063}.Debug|x86.Build.0 = Debug|Win32
		{628EE207-0874-4BD1-B6AE-2D0DC2073063}.Release|Any CPU.ActiveCfg = Release|x64
		{628EE207-0874-4BD1-B6AE-2D0DC2073063}.Release|Any CPU.Build.0 = Release|x64
		{628EE207-0874-4BD1-B6AE-2D0DC2073063}.Release|x64.ActiveCfg = Release|x64
		{628EE207-0874-4BD1-B6AE-2D0DC2073063}.Release|x64.Build.0 = Release|x64
		{628EE207-0874-4BD1-B6AE-2D0DC2073063}.Release|x86.ActiveCfg = Release|Win32
		{628EE207-0874-4BD1-B6AE-2D0DC2073063}.Release|x86.Build.0 = Release|Win32
		{9C2038B3-F58F-475E-B2E4-3C377DF4F9E8}.Debug|Any CPU.ActiveCfg = Debug|Any CPU
		{9C2038B3-F58F-475E-B2E4-3C377DF4F9E8}.Debug|Any CPU.Build.0 = Debug|Any CPU
		{9C2038B3-F58F-475E-B2E4-3C377DF4F9E8}.Debug|x64.ActiveCfg = Debug|Any CPU
		{9C2038B3-F58F-475E-B2E4-3C377DF4F9E8}.Debug|x64.Build.0 = Debug|Any CPU
		{9C2038B3-F58F-475E-B2E4-3C377DF4F9E8}.Debug|x86.ActiveCfg = Debug|Any CPU
		{9C2038B3-F58F-475E-B2E4-3C377DF4F9E8}.Debug|x86.Build.0 = Debug|Any CPU
		{9C2038B3-F58F-475E-B2E4-3C377DF4F9E8}.Release|Any CPU.ActiveCfg = Release|Any CPU
		{9C2038B3-F58F-475E-B2E4-3C377DF4F9E8}.Release|Any CPU.Build.0 = Release|Any CPU
		{9C2038B3-F58F-475E-B2E4-3C377DF4F9E8}.Release|x64.ActiveCfg = Release|Any CPU
		{9C2038B3-F58F-475E-B2E4-3C377DF4F9E8}.Release|x64.Build.0 = Release|Any CPU
		{9C2038B3-F58F-475E-B2E4-3C377DF4F9E8}.Release|x86.ActiveCfg = Release|Any CPU
		{9C2038B3-F58F-475E-B2E4-3C377DF4F9E8}.Release|x86.Build.0 = Release|Any CPU
		{B86383F0-F3D0-4F8F-9EDB-2950FFAEBAAB}.Debug|Any CPU.ActiveCfg = Debug|x64
		{B86383F0-F3D0-4F8F-9EDB-2950FFAEBAAB}.Debug|Any CPU.Build.0 = Debug|x64
		{B86383F0-F3D0-4F8F-9EDB-2950FFAEBAAB}.Debug|x64.ActiveCfg = Debug|x64
		{B86383F0-F3D0-4F8F-9EDB-2950FFAEBAAB}.Debug|x64.Build.0 = Debug|x64
		{B86383F0-F3D0-4F8F-9EDB-2950FFAEBAAB}.Debug|x86.ActiveCfg = Debug|Win32
		{B86383F0-F3D0-4F8F-9EDB-2950FFAEBAAB}.Debug|x86.Build.0 = Debug|Win32
		{B86383F0-F3D0-4F8F-9EDB-2950FFAEBAAB}.Release|Any CPU.ActiveCfg = Release|x64
		{B86383F0-F3D0-4F8F-9EDB-2950FFAEBAAB}.Release|Any CPU.Build.0 = Release|x64
		{B86383F0-F3D0-4F8F-9EDB-2950FFAEBAAB}.Release|x64.ActiveCfg = Release|x64
		{B86383F0-F3D0-4F8F-9EDB-2950FFAEBAAB}.Release|x64.Build.0 = Release|x64
		{B86383F0-F3D0-4F8F-9EDB-2950FFAEBAAB}.Release|x86.ActiveCfg = Release|Win32
		{B86383F0-F3D0-4F8F-9EDB-2950FFAEBAAB}.Release|x86.Build.0 = Release|Win32
	EndGlobalSection
	GlobalSection(SolutionProperties) = preSolution
		HideSolutionNode = FALSE
	EndGlobalSection
	GlobalSection(ExtensibilityGlobals) = postSolution
		SolutionGuid = {9696216D-93D1-4978-86D1-20BC65B36C44}
	EndGlobalSection
EndGlobal
